// !$*UTF8*$!
{
	archiveVersion = 1;
	classes = {
	};
	objectVersion = 46;
	objects = {

/* Begin PBXBuildFile section */
		F8ECF91E1CFFDB9C007F69C2 /* AppDelegate.swift in Sources */ = {isa = PBXBuildFile; fileRef = F8ECF91D1CFFDB9C007F69C2 /* AppDelegate.swift */; };
		F8ECF9201CFFDB9C007F69C2 /* ViewController.swift in Sources */ = {isa = PBXBuildFile; fileRef = F8ECF91F1CFFDB9C007F69C2 /* ViewController.swift */; };
		F8ECF9231CFFDB9C007F69C2 /* Main.storyboard in Resources */ = {isa = PBXBuildFile; fileRef = F8ECF9211CFFDB9C007F69C2 /* Main.storyboard */; };
		F8ECF9251CFFDB9C007F69C2 /* Assets.xcassets in Resources */ = {isa = PBXBuildFile; fileRef = F8ECF9241CFFDB9C007F69C2 /* Assets.xcassets */; };
		F8ECF9281CFFDB9C007F69C2 /* LaunchScreen.storyboard in Resources */ = {isa = PBXBuildFile; fileRef = F8ECF9261CFFDB9C007F69C2 /* LaunchScreen.storyboard */; };
		F8ECF9331CFFDB9D007F69C2 /* tipsTests.swift in Sources */ = {isa = PBXBuildFile; fileRef = F8ECF9321CFFDB9D007F69C2 /* tipsTests.swift */; };
		F8ECF93E1CFFDB9D007F69C2 /* tipsUITests.swift in Sources */ = {isa = PBXBuildFile; fileRef = F8ECF93D1CFFDB9D007F69C2 /* tipsUITests.swift */; };
/* End PBXBuildFile section */

/* Begin PBXContainerItemProxy section */
		F8ECF92F1CFFDB9D007F69C2 /* PBXContainerItemProxy */ = {
			isa = PBXContainerItemProxy;
			containerPortal = F8ECF9121CFFDB9C007F69C2 /* Project object */;
			proxyType = 1;
			remoteGlobalIDString = F8ECF9191CFFDB9C007F69C2;
			remoteInfo = tips;
		};
		F8ECF93A1CFFDB9D007F69C2 /* PBXContainerItemProxy */ = {
			isa = PBXContainerItemProxy;
			containerPortal = F8ECF9121CFFDB9C007F69C2 /* Project object */;
			proxyType = 1;
			remoteGlobalIDString = F8ECF9191CFFDB9C007F69C2;
			remoteInfo = tips;
		};
/* End PBXContainerItemProxy section */

/* Begin PBXFileReference section */
		F8ECF91A1CFFDB9C007F69C2 /* tips.app */ = {isa = PBXFileReference; explicitFileType = wrapper.application; includeInIndex = 0; path = tips.app; sourceTree = BUILT_PRODUCTS_DIR; };
		F8ECF91D1CFFDB9C007F69C2 /* AppDelegate.swift */ = {isa = PBXFileReference; lastKnownFileType = sourcecode.swift; path = AppDelegate.swift; sourceTree = "<group>"; };
		F8ECF91F1CFFDB9C007F69C2 /* ViewController.swift */ = {isa = PBXFileReference; lastKnownFileType = sourcecode.swift; path = ViewController.swift; sourceTree = "<group>"; };
		F8ECF9221CFFDB9C007F69C2 /* Base */ = {isa = PBXFileReference; lastKnownFileType = file.storyboard; name = Base; path = Base.lproj/Main.storyboard; sourceTree = "<group>"; };
		F8ECF9241CFFDB9C007F69C2 /* Assets.xcassets */ = {isa = PBXFileReference; lastKnownFileType = folder.assetcatalog; path = Assets.xcassets; sourceTree = "<group>"; };
		F8ECF9271CFFDB9C007F69C2 /* Base */ = {isa = PBXFileReference; lastKnownFileType = file.storyboard; name = Base; path = Base.lproj/LaunchScreen.storyboard; sourceTree = "<group>"; };
		F8ECF9291CFFDB9C007F69C2 /* Info.plist */ = {isa = PBXFileReference; lastKnownFileType = text.plist.xml; path = Info.plist; sourceTree = "<group>"; };
		F8ECF92E1CFFDB9D007F69C2 /* tipsTests.xctest */ = {isa = PBXFileReference; explicitFileType = wrapper.cfbundle; includeInIndex = 0; path = tipsTests.xctest; sourceTree = BUILT_PRODUCTS_DIR; };
		F8ECF9321CFFDB9D007F69C2 /* tipsTests.swift */ = {isa = PBXFileReference; lastKnownFileType = sourcecode.swift; path = tipsTests.swift; sourceTree = "<group>"; };
		F8ECF9341CFFDB9D007F69C2 /* Info.plist */ = {isa = PBXFileReference; lastKnownFileType = text.plist.xml; path = Info.plist; sourceTree = "<group>"; };
		F8ECF9391CFFDB9D007F69C2 /* tipsUITests.xctest */ = {isa = PBXFileReference; explicitFileType = wrapper.cfbundle; includeInIndex = 0; path = tipsUITests.xctest; sourceTree = BUILT_PRODUCTS_DIR; };
		F8ECF93D1CFFDB9D007F69C2 /* tipsUITests.swift */ = {isa = PBXFileReference; lastKnownFileType = sourcecode.swift; path = tipsUITests.swift; sourceTree = "<group>"; };
		F8ECF93F1CFFDB9D007F69C2 /* Info.plist */ = {isa = PBXFileReference; lastKnownFileType = text.plist.xml; path = Info.plist; sourceTree = "<group>"; };
/* End PBXFileReference section */

/* Begin PBXFrameworksBuildPhase section */
		F8ECF9171CFFDB9C007F69C2 /* Frameworks */ = {
			isa = PBXFrameworksBuildPhase;
			buildActionMask = 2147483647;
			files = (
			);
			runOnlyForDeploymentPostprocessing = 0;
		};
		F8ECF92B1CFFDB9D007F69C2 /* Frameworks */ = {
			isa = PBXFrameworksBuildPhase;
			buildActionMask = 2147483647;
			files = (
			);
			runOnlyForDeploymentPostprocessing = 0;
		};
		F8ECF9361CFFDB9D007F69C2 /* Frameworks */ = {
			isa = PBXFrameworksBuildPhase;
			buildActionMask = 2147483647;
			files = (
			);
			runOnlyForDeploymentPostprocessing = 0;
		};
/* End PBXFrameworksBuildPhase section */

/* Begin PBXGroup section */
		F8ECF9111CFFDB9C007F69C2 = {
			isa = PBXGroup;
			children = (
				F8ECF91C1CFFDB9C007F69C2 /* tips */,
				F8ECF9311CFFDB9D007F69C2 /* tipsTests */,
				F8ECF93C1CFFDB9D007F69C2 /* tipsUITests */,
				F8ECF91B1CFFDB9C007F69C2 /* Products */,
			);
			sourceTree = "<group>";
		};
		F8ECF91B1CFFDB9C007F69C2 /* Products */ = {
			isa = PBXGroup;
			children = (
				F8ECF91A1CFFDB9C007F69C2 /* tips.app */,
				F8ECF92E1CFFDB9D007F69C2 /* tipsTests.xctest */,
				F8ECF9391CFFDB9D007F69C2 /* tipsUITests.xctest */,
			);
			name = Products;
			sourceTree = "<group>";
		};
		F8ECF91C1CFFDB9C007F69C2 /* tips */ = {
			isa = PBXGroup;
			children = (
				F8ECF91D1CFFDB9C007F69C2 /* AppDelegate.swift */,
				F8ECF91F1CFFDB9C007F69C2 /* ViewController.swift */,
				F8ECF9211CFFDB9C007F69C2 /* Main.storyboard */,
				F8ECF9241CFFDB9C007F69C2 /* Assets.xcassets */,
				F8ECF9261CFFDB9C007F69C2 /* LaunchScreen.storyboard */,
				F8ECF9291CFFDB9C007F69C2 /* Info.plist */,
			);
			path = tips;
			sourceTree = "<group>";
		};
		F8ECF9311CFFDB9D007F69C2 /* tipsTests */ = {
			isa = PBXGroup;
			children = (
				F8ECF9321CFFDB9D007F69C2 /* tipsTests.swift */,
				F8ECF9341CFFDB9D007F69C2 /* Info.plist */,
			);
			path = tipsTests;
			sourceTree = "<group>";
		};
		F8ECF93C1CFFDB9D007F69C2 /* tipsUITests */ = {
			isa = PBXGroup;
			children = (
				F8ECF93D1CFFDB9D007F69C2 /* tipsUITests.swift */,
				F8ECF93F1CFFDB9D007F69C2 /* Info.plist */,
			);
			path = tipsUITests;
			sourceTree = "<group>";
		};
/* End PBXGroup section */

/* Begin PBXNativeTarget section */
		F8ECF9191CFFDB9C007F69C2 /* tips */ = {
			isa = PBXNativeTarget;
			buildConfigurationList = F8ECF9421CFFDB9D007F69C2 /* Build configuration list for PBXNativeTarget "tips" */;
			buildPhases = (
				F8ECF9161CFFDB9C007F69C2 /* Sources */,
				F8ECF9171CFFDB9C007F69C2 /* Frameworks */,
				F8ECF9181CFFDB9C007F69C2 /* Resources */,
			);
			buildRules = (
			);
			dependencies = (
			);
			name = tips;
			productName = tips;
			productReference = F8ECF91A1CFFDB9C007F69C2 /* tips.app */;
			productType = "com.apple.product-type.application";
		};
		F8ECF92D1CFFDB9D007F69C2 /* tipsTests */ = {
			isa = PBXNativeTarget;
			buildConfigurationList = F8ECF9451CFFDB9D007F69C2 /* Build configuration list for PBXNativeTarget "tipsTests" */;
			buildPhases = (
				F8ECF92A1CFFDB9D007F69C2 /* Sources */,
				F8ECF92B1CFFDB9D007F69C2 /* Frameworks */,
				F8ECF92C1CFFDB9D007F69C2 /* Resources */,
			);
			buildRules = (
			);
			dependencies = (
				F8ECF9301CFFDB9D007F69C2 /* PBXTargetDependency */,
			);
			name = tipsTests;
			productName = tipsTests;
			productReference = F8ECF92E1CFFDB9D007F69C2 /* tipsTests.xctest */;
			productType = "com.apple.product-type.bundle.unit-test";
		};
		F8ECF9381CFFDB9D007F69C2 /* tipsUITests */ = {
			isa = PBXNativeTarget;
			buildConfigurationList = F8ECF9481CFFDB9D007F69C2 /* Build configuration list for PBXNativeTarget "tipsUITests" */;
			buildPhases = (
				F8ECF9351CFFDB9D007F69C2 /* Sources */,
				F8ECF9361CFFDB9D007F69C2 /* Frameworks */,
				F8ECF9371CFFDB9D007F69C2 /* Resources */,
			);
			buildRules = (
			);
			dependencies = (
				F8ECF93B1CFFDB9D007F69C2 /* PBXTargetDependency */,
			);
			name = tipsUITests;
			productName = tipsUITests;
			productReference = F8ECF9391CFFDB9D007F69C2 /* tipsUITests.xctest */;
			productType = "com.apple.product-type.bundle.ui-testing";
		};
/* End PBXNativeTarget section */

/* Begin PBXProject section */
		F8ECF9121CFFDB9C007F69C2 /* Project object */ = {
			isa = PBXProject;
			attributes = {
				LastSwiftUpdateCheck = 0730;
				LastUpgradeCheck = 0730;
				ORGANIZATIONNAME = "Nguyen Tan Dat";
				TargetAttributes = {
					F8ECF9191CFFDB9C007F69C2 = {
						CreatedOnToolsVersion = 7.3.1;
					};
					F8ECF92D1CFFDB9D007F69C2 = {
						CreatedOnToolsVersion = 7.3.1;
						TestTargetID = F8ECF9191CFFDB9C007F69C2;
					};
					F8ECF9381CFFDB9D007F69C2 = {
						CreatedOnToolsVersion = 7.3.1;
						TestTargetID = F8ECF9191CFFDB9C007F69C2;
					};
				};
			};
			buildConfigurationList = F8ECF9151CFFDB9C007F69C2 /* Build configuration list for PBXProject "tips" */;
			compatibilityVersion = "Xcode 3.2";
			developmentRegion = English;
			hasScannedForEncodings = 0;
			knownRegions = (
				en,
				Base,
			);
			mainGroup = F8ECF9111CFFDB9C007F69C2;
			productRefGroup = F8ECF91B1CFFDB9C007F69C2 /* Products */;
			projectDirPath = "";
			projectRoot = "";
			targets = (
				F8ECF9191CFFDB9C007F69C2 /* tips */,
				F8ECF92D1CFFDB9D007F69C2 /* tipsTests */,
				F8ECF9381CFFDB9D007F69C2 /* tipsUITests */,
			);
		};
/* End PBXProject section */

/* Begin PBXResourcesBuildPhase section */
		F8ECF9181CFFDB9C007F69C2 /* Resources */ = {
			isa = PBXResourcesBuildPhase;
			buildActionMask = 2147483647;
			files = (
				F8ECF9281CFFDB9C007F69C2 /* LaunchScreen.storyboard in Resources */,
				F8ECF9251CFFDB9C007F69C2 /* Assets.xcassets in Resources */,
				F8ECF9231CFFDB9C007F69C2 /* Main.storyboard in Resources */,
			);
			runOnlyForDeploymentPostprocessing = 0;
		};
		F8ECF92C1CFFDB9D007F69C2 /* Resources */ = {
			isa = PBXResourcesBuildPhase;
			buildActionMask = 2147483647;
			files = (
			);
			runOnlyForDeploymentPostprocessing = 0;
		};
		F8ECF9371CFFDB9D007F69C2 /* Resources */ = {
			isa = PBXResourcesBuildPhase;
			buildActionMask = 2147483647;
			files = (
			);
			runOnlyForDeploymentPostprocessing = 0;
		};
/* End PBXResourcesBuildPhase section */

/* Begin PBXSourcesBuildPhase section */
		F8ECF9161CFFDB9C007F69C2 /* Sources */ = {
			isa = PBXSourcesBuildPhase;
			buildActionMask = 2147483647;
			files = (
				F8ECF9201CFFDB9C007F69C2 /* ViewController.swift in Sources */,
				F8ECF91E1CFFDB9C007F69C2 /* AppDelegate.swift in Sources */,
			);
			runOnlyForDeploymentPostprocessing = 0;
		};
		F8ECF92A1CFFDB9D007F69C2 /* Sources */ = {
			isa = PBXSourcesBuildPhase;
			buildActionMask = 2147483647;
			files = (
				F8ECF9331CFFDB9D007F69C2 /* tipsTests.swift in Sources */,
			);
			runOnlyForDeploymentPostprocessing = 0;
		};
		F8ECF9351CFFDB9D007F69C2 /* Sources */ = {
			isa = PBXSourcesBuildPhase;
			buildActionMask = 2147483647;
			files = (
				F8ECF93E1CFFDB9D007F69C2 /* tipsUITests.swift in Sources */,
			);
			runOnlyForDeploymentPostprocessing = 0;
		};
/* End PBXSourcesBuildPhase section */

/* Begin PBXTargetDependency section */
		F8ECF9301CFFDB9D007F69C2 /* PBXTargetDependency */ = {
			isa = PBXTargetDependency;
			target = F8ECF9191CFFDB9C007F69C2 /* tips */;
			targetProxy = F8ECF92F1CFFDB9D007F69C2 /* PBXContainerItemProxy */;
		};
		F8ECF93B1CFFDB9D007F69C2 /* PBXTargetDependency */ = {
			isa = PBXTargetDependency;
			target = F8ECF9191CFFDB9C007F69C2 /* tips */;
			targetProxy = F8ECF93A1CFFDB9D007F69C2 /* PBXContainerItemProxy */;
		};
/* End PBXTargetDependency section */

/* Begin PBXVariantGroup section */
		F8ECF9211CFFDB9C007F69C2 /* Main.storyboard */ = {
			isa = PBXVariantGroup;
			children = (
				F8ECF9221CFFDB9C007F69C2 /* Base */,
			);
			name = Main.storyboard;
			sourceTree = "<group>";
		};
		F8ECF9261CFFDB9C007F69C2 /* LaunchScreen.storyboard */ = {
			isa = PBXVariantGroup;
			children = (
				F8ECF9271CFFDB9C007F69C2 /* Base */,
			);
			name = LaunchScreen.storyboard;
			sourceTree = "<group>";
		};
/* End PBXVariantGroup section */

/* Begin XCBuildConfiguration section */
		F8ECF9401CFFDB9D007F69C2 /* Debug */ = {
			isa = XCBuildConfiguration;
			buildSettings = {
				ALWAYS_SEARCH_USER_PATHS = NO;
				CLANG_ANALYZER_NONNULL = YES;
				CLANG_CXX_LANGUAGE_STANDARD = "gnu++0x";
				CLANG_CXX_LIBRARY = "libc++";
				CLANG_ENABLE_MODULES = YES;
				CLANG_ENABLE_OBJC_ARC = YES;
				CLANG_WARN_BOOL_CONVERSION = YES;
				CLANG_WARN_CONSTANT_CONVERSION = YES;
				CLANG_WARN_DIRECT_OBJC_ISA_USAGE = YES_ERROR;
				CLANG_WARN_EMPTY_BODY = YES;
				CLANG_WARN_ENUM_CONVERSION = YES;
				CLANG_WARN_INT_CONVERSION = YES;
				CLANG_WARN_OBJC_ROOT_CLASS = YES_ERROR;
				CLANG_WARN_UNREACHABLE_CODE = YES;
				CLANG_WARN__DUPLICATE_METHOD_MATCH = YES;
				"CODE_SIGN_IDENTITY[sdk=iphoneos*]" = "iPhone Developer";
				COPY_PHASE_STRIP = NO;
				DEBUG_INFORMATION_FORMAT = dwarf;
				ENABLE_STRICT_OBJC_MSGSEND = YES;
				ENABLE_TESTABILITY = YES;
				GCC_C_LANGUAGE_STANDARD = gnu99;
				GCC_DYNAMIC_NO_PIC = NO;
				GCC_NO_COMMON_BLOCKS = YES;
				GCC_OPTIMIZATION_LEVEL = 0;
				GCC_PREPROCESSOR_DEFINITIONS = (
					"DEBUG=1",
					"$(inherited)",
				);
				GCC_WARN_64_TO_32_BIT_CONVERSION = YES;
				GCC_WARN_ABOUT_RETURN_TYPE = YES_ERROR;
				GCC_WARN_UNDECLARED_SELECTOR = YES;
				GCC_WARN_UNINITIALIZED_AUTOS = YES_AGGRESSIVE;
				GCC_WARN_UNUSED_FUNCTION = YES;
				GCC_WARN_UNUSED_VARIABLE = YES;
				IPHONEOS_DEPLOYMENT_TARGET = 9.3;
				MTL_ENABLE_DEBUG_INFO = YES;
				ONLY_ACTIVE_ARCH = YES;
				SDKROOT = iphoneos;
				SWIFT_OPTIMIZATION_LEVEL = "-Onone";
			};
			name = Debug;
		};
		F8ECF9411CFFDB9D007F69C2 /* Release */ = {
			isa = XCBuildConfiguration;
			buildSettings = {
				ALWAYS_SEARCH_USER_PATHS = NO;
				CLANG_ANALYZER_NONNULL = YES;
				CLANG_CXX_LANGUAGE_STANDARD = "gnu++0x";
				CLANG_CXX_LIBRARY = "libc++";
				CLANG_ENABLE_MODULES = YES;
				CLANG_ENABLE_OBJC_ARC = YES;
				CLANG_WARN_BOOL_CONVERSION = YES;
				CLANG_WARN_CONSTANT_CONVERSION = YES;
				CLANG_WARN_DIRECT_OBJC_ISA_USAGE = YES_ERROR;
				CLANG_WARN_EMPTY_BODY = YES;
				CLANG_WARN_ENUM_CONVERSION = YES;
				CLANG_WARN_INT_CONVERSION = YES;
				CLANG_WARN_OBJC_ROOT_CLASS = YES_ERROR;
				CLANG_WARN_UNREACHABLE_CODE = YES;
				CLANG_WARN__DUPLICATE_METHOD_MATCH = YES;
				"CODE_SIGN_IDENTITY[sdk=iphoneos*]" = "iPhone Developer";
				COPY_PHASE_STRIP = NO;
				DEBUG_INFORMATION_FORMAT = "dwarf-with-dsym";
				ENABLE_NS_ASSERTIONS = NO;
				ENABLE_STRICT_OBJC_MSGSEND = YES;
				GCC_C_LANGUAGE_STANDARD = gnu99;
				GCC_NO_COMMON_BLOCKS = YES;
				GCC_WARN_64_TO_32_BIT_CONVERSION = YES;
				GCC_WARN_ABOUT_RETURN_TYPE = YES_ERROR;
				GCC_WARN_UNDECLARED_SELECTOR = YES;
				GCC_WARN_UNINITIALIZED_AUTOS = YES_AGGRESSIVE;
				GCC_WARN_UNUSED_FUNCTION = YES;
				GCC_WARN_UNUSED_VARIABLE = YES;
				IPHONEOS_DEPLOYMENT_TARGET = 9.3;
				MTL_ENABLE_DEBUG_INFO = NO;
				SDKROOT = iphoneos;
				VALIDATE_PRODUCT = YES;
			};
			name = Release;
		};
		F8ECF9431CFFDB9D007F69C2 /* Debug */ = {
			isa = XCBuildConfiguration;
			buildSettings = {
				ASSETCATALOG_COMPILER_APPICON_NAME = AppIcon;
				INFOPLIST_FILE = tips/Info.plist;
				LD_RUNPATH_SEARCH_PATHS = "$(inherited) @executable_path/Frameworks";
				PRODUCT_BUNDLE_IDENTIFIER = pro.datnt.tips;
				PRODUCT_NAME = "$(TARGET_NAME)";
			};
			name = Debug;
		};
		F8ECF9441CFFDB9D007F69C2 /* Release */ = {
			isa = XCBuildConfiguration;
			buildSettings = {
				ASSETCATALOG_COMPILER_APPICON_NAME = AppIcon;
				INFOPLIST_FILE = tips/Info.plist;
				LD_RUNPATH_SEARCH_PATHS = "$(inherited) @executable_path/Frameworks";
				PRODUCT_BUNDLE_IDENTIFIER = pro.datnt.tips;
				PRODUCT_NAME = "$(TARGET_NAME)";
			};
			name = Release;
		};
		F8ECF9461CFFDB9D007F69C2 /* Debug */ = {
			isa = XCBuildConfiguration;
			buildSettings = {
				BUNDLE_LOADER = "$(TEST_HOST)";
				INFOPLIST_FILE = tipsTests/Info.plist;
				LD_RUNPATH_SEARCH_PATHS = "$(inherited) @executable_path/Frameworks @loader_path/Frameworks";
				PRODUCT_BUNDLE_IDENTIFIER = pro.datnt.tipsTests;
				PRODUCT_NAME = "$(TARGET_NAME)";
				TEST_HOST = "$(BUILT_PRODUCTS_DIR)/tips.app/tips";
			};
			name = Debug;
		};
		F8ECF9471CFFDB9D007F69C2 /* Release */ = {
			isa = XCBuildConfiguration;
			buildSettings = {
				BUNDLE_LOADER = "$(TEST_HOST)";
				INFOPLIST_FILE = tipsTests/Info.plist;
				LD_RUNPATH_SEARCH_PATHS = "$(inherited) @executable_path/Frameworks @loader_path/Frameworks";
				PRODUCT_BUNDLE_IDENTIFIER = pro.datnt.tipsTests;
				PRODUCT_NAME = "$(TARGET_NAME)";
				TEST_HOST = "$(BUILT_PRODUCTS_DIR)/tips.app/tips";
			};
			name = Release;
		};
		F8ECF9491CFFDB9D007F69C2 /* Debug */ = {
			isa = XCBuildConfiguration;
			buildSettings = {
				INFOPLIST_FILE = tipsUITests/Info.plist;
				LD_RUNPATH_SEARCH_PATHS = "$(inherited) @executable_path/Frameworks @loader_path/Frameworks";
				PRODUCT_BUNDLE_IDENTIFIER = pro.datnt.tipsUITests;
				PRODUCT_NAME = "$(TARGET_NAME)";
				TEST_TARGET_NAME = tips;
			};
			name = Debug;
		};
		F8ECF94A1CFFDB9D007F69C2 /* Release */ = {
			isa = XCBuildConfiguration;
			buildSettings = {
				INFOPLIST_FILE = tipsUITests/Info.plist;
				LD_RUNPATH_SEARCH_PATHS = "$(inherited) @executable_path/Frameworks @loader_path/Frameworks";
				PRODUCT_BUNDLE_IDENTIFIER = pro.datnt.tipsUITests;
				PRODUCT_NAME = "$(TARGET_NAME)";
				TEST_TARGET_NAME = tips;
			};
			name = Release;
		};
/* End XCBuildConfiguration section */

/* Begin XCConfigurationList section */
		F8ECF9151CFFDB9C007F69C2 /* Build configuration list for PBXProject "tips" */ = {
			isa = XCConfigurationList;
			buildConfigurations = (
				F8ECF9401CFFDB9D007F69C2 /* Debug */,
				F8ECF9411CFFDB9D007F69C2 /* Release */,
			);
			defaultConfigurationIsVisible = 0;
			defaultConfigurationName = Release;
		};
		F8ECF9421CFFDB9D007F69C2 /* Build configuration list for PBXNativeTarget "tips" */ = {
			isa = XCConfigurationList;
			buildConfigurations = (
				F8ECF9431CFFDB9D007F69C2 /* Debug */,
				F8ECF9441CFFDB9D007F69C2 /* Release */,
			);
			defaultConfigurationIsVisible = 0;
		};
		F8ECF9451CFFDB9D007F69C2 /* Build configuration list for PBXNativeTarget "tipsTests" */ = {
			isa = XCConfigurationList;
			buildConfigurations = (
				F8ECF9461CFFDB9D007F69C2 /* Debug */,
				F8ECF9471CFFDB9D007F69C2 /* Release */,
			);
			defaultConfigurationIsVisible = 0;
		};
		F8ECF9481CFFDB9D007F69C2 /* Build configuration list for PBXNativeTarget "tipsUITests" */ = {
			isa = XCConfigurationList;
			buildConfigurations = (
				F8ECF9491CFFDB9D007F69C2 /* Debug */,
				F8ECF94A1CFFDB9D007F69C2 /* Release */,
			);
			defaultConfigurationIsVisible = 0;
		};
/* End XCConfigurationList section */
	};
	rootObject = F8ECF9121CFFDB9C007F69C2 /* Project object */;
}
